{
    "_meta": {
        "hash": {
            "sha256": "1791c834bc44fc1bbc0bb1084620621978ad5224b8de23c4d2a4d5c80ec8b6b9"
        },
        "pipfile-spec": 6,
        "requires": {
            "python_version": "3.9"
        },
        "sources": [
            {
                "name": "pypi",
                "url": "https://pypi.org/simple",
                "verify_ssl": true
            }
        ]
    },
    "default": {
        "numpy": {
            "hashes": [
                "sha256:0b78ecfa070460104934e2caf51694ccd00f37d5e5dbe76f021b1b0b0d221823",
                "sha256:1247ef28387b7bb7f21caf2dbe4767f4f4175df44d30604d42ad9bd701ebb31f",
                "sha256:1403b4e2181fc72664737d848b60e65150f272fe5a1c1cbc16145ed43884065a",
                "sha256:170b2a0805c6891ca78c1d96ee72e4c3ed1ae0a992c75444b6ab20ff038ba2cd",
                "sha256:2e4ed57f45f0aa38beca2a03b6532e70e548faf2debbeb3291cfc9b315d9be8f",
                "sha256:32fe5b12061f6446adcbb32cf4060a14741f9c21e15aaee59a207b6ce6423469",
                "sha256:34f3456f530ae8b44231c63082c8899fe9c983fd9b108c997c4b1c8c2d435333",
                "sha256:4c9c23158b87ed0e70d9a50c67e5c0b3f75bcf2581a8e34668d4e9d7474d76c6",
                "sha256:5d95668e727c75b3f5088ec7700e260f90ec83f488e4c0aaccb941148b2cd377",
                "sha256:615d4e328af7204c13ae3d4df7615a13ff60a49cb0d9106fde07f541207883ca",
                "sha256:69077388c5a4b997442b843dbdc3a85b420fb693ec8e33020bb24d647c164fa5",
                "sha256:74b85a17528ca60cf98381a5e779fc0264b4a88b46025e6bcbe9621f46bb3e63",
                "sha256:81225e58ef5fce7f1d80399575576fc5febec79a8a2742e8ef86d7b03beef49f",
                "sha256:8890b3360f345e8360133bc078d2dacc2843b6ee6059b568781b15b97acbe39f",
                "sha256:92aafa03da8658609f59f18722b88f0a73a249101169e28415b4fa148caf7e41",
                "sha256:9864424631775b0c052f3bd98bc2712d131b3e2cd95d1c0c68b91709170890b0",
                "sha256:9e6f5f50d1eff2f2f752b3089a118aee1ea0da63d56c44f3865681009b0af162",
                "sha256:a3deb31bc84f2b42584b8c4001c85d1934dbfb4030827110bc36bfd11509b7bf",
                "sha256:ad010846cdffe7ec27e3f933397f8a8d6c801a48634f419e3d075db27acf5880",
                "sha256:b1e2312f5b8843a3e4e8224b2b48fe16119617b8fc0a54df8f50098721b5bed2",
                "sha256:bc988afcea53e6156546e5b2885b7efab089570783d9d82caf1cfd323b0bb3dd",
                "sha256:c449eb870616a7b62e097982c622d2577b3dbc800aaf8689254ec6e0197cbf1e",
                "sha256:c74c699b122918a6c4611285cc2cad4a3aafdb135c22a16ec483340ef97d573c",
                "sha256:c885bfc07f77e8fee3dc879152ba993732601f1f11de248d4f357f0ffea6a6d4",
                "sha256:e3c3e990274444031482a31280bf48674441e0a5b55ddb168f3a6db3e0c38ec8",
                "sha256:e4799be6a2d7d3c33699a6f77201836ac975b2e1b98c2a07f66a38f499cb50ce",
                "sha256:e6c76a87633aa3fa16614b61ccedfae45b91df2767cf097aa9c933932a7ed1e0",
                "sha256:e89717274b41ebd568cd7943fc9418eeb49b1785b66031bc8a7f6300463c5898",
                "sha256:f5162ec777ba7138906c9c274353ece5603646c6965570d82905546579573f73",
                "sha256:fde96af889262e85aa033f8ee1d3241e32bf36228318a61f1ace579df4e8170d"
            ],
            "index": "pypi",
            "version": "==1.21.4"
        },
        "opencv-contrib-python": {
            "hashes": [
                "sha256:02de4b98dc4f4d45f8c2826c664485dafe229e7076ea9a30b78ba451eb06a7bb",
                "sha256:0482a88a1050c221a36097a8e28e2e7953279516ebb25182837c8270d3d1b631",
                "sha256:05b90fad1a4c1db0ccda04152e81be07c4f05afe29c9bc9abad6724a347b0549",
                "sha256:1705b94f6b9447bd99d250d8113f35b0f59b88546bfb01e0b6cad27399ff6ccd",
                "sha256:1a3c99c640cd8a826b984fc292a70092d895f47498fe84add238d07c47601915",
                "sha256:216169731ce31acdc77c3208f845d5e7be4cb06c3586ba8fd99b931a75a9de30",
                "sha256:24ef1b8443492647990f5e91cd6dda9268196129d4cba689bd83e7bbc09a5c6a",
                "sha256:29b209e11700aba48d7dd39797b0a26b3a951bfe7d7990aaddbd1c01904e69da",
                "sha256:334402d42b6194d34d93cfd77a079c7fbb52c46c2378edaee2d5be4328e922b4",
                "sha256:38244e42455a424e8b7fc24f07412b40b4053f5bbd5e7d033488fb23398a1b4f",
                "sha256:3f0afafd37b7753b1e0a2b1b63c3e266b7caf2ecf081e8d77e7346c36147454f",
                "sha256:40344e20c5e63fc9627491943d896768f3256c68044bf80dd4262f2cb75277e7",
                "sha256:4082a2e4493f8da09095b1eefb2ea08e26119dbfab337cc47fd9609b616bbf78",
                "sha256:5d63ff582e713cfe2a90c6df5283e32dcf6881fb1b418a5f34f0f94b58c5d75d",
                "sha256:5e06b1664c4218a5b14ec95b18587cac0480fcddd0463540acb065fe02b406fe",
                "sha256:7035806b36a1d732b6be154e4f42428b1dbbed55754d90190894172447444072",
                "sha256:789ddabac1296dd62898479fe51d3397d973b2124d80482d1b7231b073c43662",
                "sha256:814799b860803d6aeaf67f4a1661cad73392b1ddbec64070a5208ebc7ddeaf08",
                "sha256:8d41b74e8d60c4e6e5c9da42ce8e1b040d9750187d37da88085c4e046a5ad0fa",
                "sha256:94c9a1e047012d79b0a38e92121225c9c1846670e691b5069b80c3a819e35e8e",
                "sha256:9baa50a44a0760294c31c0101a7d4798aea36e7ab15eca83d843ab73f43b0aa0",
                "sha256:a0222c36861d3ec50443a86edf7c7402afb21cfdda09389e49723f8b6393dd5f",
                "sha256:ae13d54194fefb3256f1e3a1615cdf5b2008636d1e9fd7d17eac00e94a97f22a",
                "sha256:bd56b8abacbb9ce1a03efd9d61bad7d95eb7982f9eac36d29162059834d668d9",
                "sha256:c84897c8bc2f4c379f62c71a18e17c76a3a4c6a3b1df94c25d15f39c65232624",
                "sha256:df74aeb5d4b0b44b79ebb40184c188b46f3c2ffc0e2a2ebe0ae0077f06f78b65",
                "sha256:e56f9f58548490b8c13cab1a9452ee39c19d871b14748dbd83d1e0307d16ec32",
                "sha256:ec48d710b31ac60cdf309f2382471cfa8b95744f4ab0db431d6ee5ab43ecaee2",
                "sha256:efe49d175be86ff55bb8885aec92209edbc647e4c358e925b483c0dccd19b83e",
                "sha256:efed4fa4a3c85f2191f2a4107e87856640f08182db07b0430ae5090a3fbd3a59"
            ],
            "index": "pypi",
            "version": "==3.4.16.59"
        }
    },
    "develop": {}
}
